
Microsoft Visual Studio Solution File, Format Version 12.00
# Visual Studio Version 17
VisualStudioVersion = 17.0.31903.59
MinimumVisualStudioVersion = 10.0.40219.1
Project("{FAE04EC0-301F-11D3-BF4B-00C04F79EFBC}") = "DryMartiniMovies.Core", "DryMartiniMovies.Core\DryMartiniMovies.Core.csproj", "{B76F2D40-BA8F-4523-9F3B-1C210084B376}"
EndProject
Project("{FAE04EC0-301F-11D3-BF4B-00C04F79EFBC}") = "DryMartiniMovies.Infrastructure", "DryMartiniMovies.Infrastructure\DryMartiniMovies.Infrastructure.csproj", "{8FE85B75-016B-4637-A106-9EB98E99DF72}"
EndProject
Project("{FAE04EC0-301F-11D3-BF4B-00C04F79EFBC}") = "DryMartiniMovies.API", "DryMartiniMovies.API\DryMartiniMovies.API.csproj", "{9D01540A-B8C7-4E9A-A664-0CD5EF024B88}"
EndProject
Project("{FAE04EC0-301F-11D3-BF4B-00C04F79EFBC}") = "DryMartiniMovies.Web", "DryMartiniMovies.Web\DryMartiniMovies.Web.csproj", "{DC2A7BD6-4FC0-40A0-A164-4B99CAC4964A}"
EndProject
Global
	GlobalSection(SolutionConfigurationPlatforms) = preSolution
		Debug|Any CPU = Debug|Any CPU
		Release|Any CPU = Release|Any CPU
	EndGlobalSection
	GlobalSection(SolutionProperties) = preSolution
		HideSolutionNode = FALSE
	EndGlobalSection
	GlobalSection(ProjectConfigurationPlatforms) = postSolution
		{B76F2D40-BA8F-4523-9F3B-1C210084B376}.Debug|Any CPU.ActiveCfg = Debug|Any CPU
		{B76F2D40-BA8F-4523-9F3B-1C210084B376}.Debug|Any CPU.Build.0 = Debug|Any CPU
		{B76F2D40-BA8F-4523-9F3B-1C210084B376}.Release|Any CPU.ActiveCfg = Release|Any CPU
		{B76F2D40-BA8F-4523-9F3B-1C210084B376}.Release|Any CPU.Build.0 = Release|Any CPU
		{8FE85B75-016B-4637-A106-9EB98E99DF72}.Debug|Any CPU.ActiveCfg = Debug|Any CPU
		{8FE85B75-016B-4637-A106-9EB98E99DF72}.Debug|Any CPU.Build.0 = Debug|Any CPU
		{8FE85B75-016B-4637-A106-9EB98E99DF72}.Release|Any CPU.ActiveCfg = Release|Any CPU
		{8FE85B75-016B-4637-A106-9EB98E99DF72}.Release|Any CPU.Build.0 = Release|Any CPU
		{9D01540A-B8C7-4E9A-A664-0CD5EF024B88}.Debug|Any CPU.ActiveCfg = Debug|Any CPU
		{9D01540A-B8C7-4E9A-A664-0CD5EF024B88}.Debug|Any CPU.Build.0 = Debug|Any CPU
		{9D01540A-B8C7-4E9A-A664-0CD5EF024B88}.Release|Any CPU.ActiveCfg = Release|Any CPU
		{9D01540A-B8C7-4E9A-A664-0CD5EF024B88}.Release|Any CPU.Build.0 = Release|Any CPU
		{DC2A7BD6-4FC0-40A0-A164-4B99CAC4964A}.Debug|Any CPU.ActiveCfg = Debug|Any CPU
		{DC2A7BD6-4FC0-40A0-A164-4B99CAC4964A}.Debug|Any CPU.Build.0 = Debug|Any CPU
		{DC2A7BD6-4FC0-40A0-A164-4B99CAC4964A}.Release|Any CPU.ActiveCfg = Release|Any CPU
		{DC2A7BD6-4FC0-40A0-A164-4B99CAC4964A}.Release|Any CPU.Build.0 = Release|Any CPU
	EndGlobalSection
EndGlobal
